<?xml version="1.0" encoding="utf-8"?>
<Project ToolsVersion="4.0" xmlns="http://schemas.microsoft.com/developer/msbuild/2003">
  <ItemGroup>
    <Filter Include="Source Files">
      <UniqueIdentifier>{4FC737F1-C7A5-4376-A066-2A32D752A2FF}</UniqueIdentifier>
      <Extensions>cpp;c;cc;cxx;def;odl;idl;hpj;bat;asm;asmx</Extensions>
    </Filter>
    <Filter Include="Header Files">
      <UniqueIdentifier>{93995380-89BD-4b04-88EB-625FBE52EBFB}</UniqueIdentifier>
      <Extensions>h;hpp;hxx;hm;inl;inc;xsd</Extensions>
    </Filter>
    <Filter Include="Resource Files">
      <UniqueIdentifier>{67DA6AB6-F800-4c08-8B7A-83BB121AAD01}</UniqueIdentifier>
      <Extensions>rc;ico;cur;bmp;dlg;rc2;rct;bin;rgs;gif;jpg;jpeg;jpe;resx;tiff;tif;png;wav;mfcribbon-ms</Extensions>
    </Filter>
  </ItemGroup>
  <ItemGroup>
    <None Include="LED_Cube_Controller.ino" />
  </ItemGroup>
  <ItemGroup>
    <ClInclude Include="Pin_Defines.h">
      <Filter>Header Files</Filter>
    </ClInclude>
    <ClInclude Include="EffectClass.h">
      <Filter>Header Files</Filter>
    </ClInclude>
    <ClInclude Include="Rain.h">
      <Filter>Header Files</Filter>
    </ClInclude>
    <ClInclude Include="Cube8x8x8.h">
      <Filter>Header Files</Filter>
    </ClInclude>
    <ClInclude Include=".LED_Cube_Controller V2.vsarduino.h">
      <Filter>Header Files</Filter>
    </ClInclude>
    <ClInclude Include="RandomFill.h">
      <Filter>Header Files</Filter>
    </ClInclude>
    <ClInclude Include="Maize.h">
      <Filter>Header Files</Filter>
    </ClInclude>
    <ClInclude Include="Voxel.h">
      <Filter>Header Files</Filter>
    </ClInclude>
    <ClInclude Include="Snake.h">
      <Filter>Header Files</Filter>
    </ClInclude>
    <ClInclude Include="ToggleRandom.h">
      <Filter>Header Files</Filter>
    </ClInclude>
    <ClInclude Include="Visual Micro\.LED_Cube_Controller.vsarduino.h">
      <Filter>Header Files</Filter>
    </ClInclude>
    <ClInclude Include="Char_Display.h">
      <Filter>Header Files</Filter>
    </ClInclude>
    <ClInclude Include="CharMatrix.h">
      <Filter>Header Files</Filter>
    </ClInclude>
    <ClInclude Include="ScrollingCharDisplay.h">
      <Filter>Header Files</Filter>
    </ClInclude>
    <ClInclude Include="FireWork.h">
      <Filter>Header Files</Filter>
    </ClInclude>
  </ItemGroup>
  <ItemGroup>
    <ClCompile Include="EffectClass.cpp">
      <Filter>Source Files</Filter>
    </ClCompile>
    <ClCompile Include="Rain.cpp">
      <Filter>Source Files</Filter>
    </ClCompile>
    <ClCompile Include="Cube8x8x8.cpp">
      <Filter>Source Files</Filter>
    </ClCompile>
    <ClCompile Include="RandomFill.cpp">
      <Filter>Source Files</Filter>
    </ClCompile>
    <ClCompile Include="ToggleRandom.cpp">
      <Filter>Source Files</Filter>
    </ClCompile>
    <ClCompile Include="Maize.cpp">
      <Filter>Source Files</Filter>
    </ClCompile>
    <ClCompile Include="Voxel.cpp">
      <Filter>Source Files</Filter>
    </ClCompile>
    <ClCompile Include="Snake.cpp">
      <Filter>Source Files</Filter>
    </ClCompile>
    <ClCompile Include="Char_Display.cpp">
      <Filter>Source Files</Filter>
    </ClCompile>
    <ClCompile Include="ScrollingCharDisplay.cpp">
      <Filter>Source Files</Filter>
    </ClCompile>
    <ClCompile Include="FireWork.cpp">
      <Filter>Source Files</Filter>
    </ClCompile>
  </ItemGroup>
</Project>